
Microsoft Visual Studio Solution File, Format Version 12.00
# Visual Studio 15
VisualStudioVersion = 15.0.27428.2043
MinimumVisualStudioVersion = 10.0.40219.1
Project("{9A19103F-16F7-4668-BE54-9A1E7A4F7556}") = "NewTask", "NewTask\NewTask.csproj", "{FA7346BA-94C9-4ED4-A492-9B1848448B0B}"
EndProject
Project("{9A19103F-16F7-4668-BE54-9A1E7A4F7556}") = "Publish", "Publish\Publish.csproj", "{9574B146-CFCC-46A5-958B-9F93B68FB1C0}"
EndProject
Project("{9A19103F-16F7-4668-BE54-9A1E7A4F7556}") = "Receive", "Receive\Receive.csproj", "{41B1F90D-032C-4BE9-A4B0-DA188BF14486}"
EndProject
Project("{9A19103F-16F7-4668-BE54-9A1E7A4F7556}") = "Send", "Send\Send.csproj", "{339D83B1-D155-4395-9682-F9537630BB24}"
EndProject
Project("{9A19103F-16F7-4668-BE54-9A1E7A4F7556}") = "Worker", "Worker\Worker.csproj", "{67B6437C-5CB6-4C02-B522-4581B2D39D35}"
EndProject
Global
	GlobalSection(SolutionConfigurationPlatforms) = preSolution
		Debug|Any CPU = Debug|Any CPU
		Release|Any CPU = Release|Any CPU
	EndGlobalSection
	GlobalSection(ProjectConfigurationPlatforms) = postSolution
		{FA7346BA-94C9-4ED4-A492-9B1848448B0B}.Debug|Any CPU.ActiveCfg = Debug|Any CPU
		{FA7346BA-94C9-4ED4-A492-9B1848448B0B}.Debug|Any CPU.Build.0 = Debug|Any CPU
		{FA7346BA-94C9-4ED4-A492-9B1848448B0B}.Release|Any CPU.ActiveCfg = Release|Any CPU
		{FA7346BA-94C9-4ED4-A492-9B1848448B0B}.Release|Any CPU.Build.0 = Release|Any CPU
		{9574B146-CFCC-46A5-958B-9F93B68FB1C0}.Debug|Any CPU.ActiveCfg = Debug|Any CPU
		{9574B146-CFCC-46A5-958B-9F93B68FB1C0}.Debug|Any CPU.Build.0 = Debug|Any CPU
		{9574B146-CFCC-46A5-958B-9F93B68FB1C0}.Release|Any CPU.ActiveCfg = Release|Any CPU
		{9574B146-CFCC-46A5-958B-9F93B68FB1C0}.Release|Any CPU.Build.0 = Release|Any CPU
		{41B1F90D-032C-4BE9-A4B0-DA188BF14486}.Debug|Any CPU.ActiveCfg = Debug|Any CPU
		{41B1F90D-032C-4BE9-A4B0-DA188BF14486}.Debug|Any CPU.Build.0 = Debug|Any CPU
		{41B1F90D-032C-4BE9-A4B0-DA188BF14486}.Release|Any CPU.ActiveCfg = Release|Any CPU
		{41B1F90D-032C-4BE9-A4B0-DA188BF14486}.Release|Any CPU.Build.0 = Release|Any CPU
		{339D83B1-D155-4395-9682-F9537630BB24}.Debug|Any CPU.ActiveCfg = Debug|Any CPU
		{339D83B1-D155-4395-9682-F9537630BB24}.Debug|Any CPU.Build.0 = Debug|Any CPU
		{339D83B1-D155-4395-9682-F9537630BB24}.Release|Any CPU.ActiveCfg = Release|Any CPU
		{339D83B1-D155-4395-9682-F9537630BB24}.Release|Any CPU.Build.0 = Release|Any CPU
		{67B6437C-5CB6-4C02-B522-4581B2D39D35}.Debug|Any CPU.ActiveCfg = Debug|Any CPU
		{67B6437C-5CB6-4C02-B522-4581B2D39D35}.Debug|Any CPU.Build.0 = Debug|Any CPU
		{67B6437C-5CB6-4C02-B522-4581B2D39D35}.Release|Any CPU.ActiveCfg = Release|Any CPU
		{67B6437C-5CB6-4C02-B522-4581B2D39D35}.Release|Any CPU.Build.0 = Release|Any CPU
	EndGlobalSection
	GlobalSection(SolutionProperties) = preSolution
		HideSolutionNode = FALSE
	EndGlobalSection
	GlobalSection(ExtensibilityGlobals) = postSolution
		SolutionGuid = {8FDD3D32-E5F4-41C4-9962-9B79F725CB01}
	EndGlobalSection
EndGlobal
